
Microsoft Visual Studio Solution File, Format Version 12.00
# Visual Studio Version 17
VisualStudioVersion = 17.3.32901.215
MinimumVisualStudioVersion = 10.0.40219.1
Project("{FAE04EC0-301F-11D3-BF4B-00C04F79EFBC}") = "KnopkaGame", "KnopkaGame\KnopkaGame.csproj", "{B941AD35-916D-4E61-8BBE-BCBFCA8A6134}"
EndProject
Global
	GlobalSection(SolutionConfigurationPlatforms) = preSolution
		Debug|Any CPU = Debug|Any CPU
		Release|Any CPU = Release|Any CPU
	EndGlobalSection
	GlobalSection(ProjectConfigurationPlatforms) = postSolution
		{B941AD35-916D-4E61-8BBE-BCBFCA8A6134}.Debug|Any CPU.ActiveCfg = Debug|Any CPU
		{B941AD35-916D-4E61-8BBE-BCBFCA8A6134}.Debug|Any CPU.Build.0 = Debug|Any CPU
		{B941AD35-916D-4E61-8BBE-BCBFCA8A6134}.Release|Any CPU.ActiveCfg = Release|Any CPU
		{B941AD35-916D-4E61-8BBE-BCBFCA8A6134}.Release|Any CPU.Build.0 = Release|Any CPU
	EndGlobalSection
	GlobalSection(SolutionProperties) = preSolution
		HideSolutionNode = FALSE
	EndGlobalSection
	GlobalSection(ExtensibilityGlobals) = postSolution
		SolutionGuid = {3A388398-F1AA-4F4B-94EF-C09A40CC126D}
	EndGlobalSection
EndGlobal
